// !$*UTF8*$!
{
	archiveVersion = 1;
	classes = {
	};
	objectVersion = 55;
	objects = {

/* Begin PBXBuildFile section */
		6B2766802772717900DC4C5B /* RectangleCard.swift in Sources */ = {isa = PBXBuildFile; fileRef = 6B27667F2772717900DC4C5B /* RectangleCard.swift */; };
		6B2766822772783C00DC4C5B /* TestView.swift in Sources */ = {isa = PBXBuildFile; fileRef = 6B2766812772783C00DC4C5B /* TestView.swift */; };
		6B483CDF276D4DED00059C4F /* LearnSwiftApp.swift in Sources */ = {isa = PBXBuildFile; fileRef = 6B483CDE276D4DED00059C4F /* LearnSwiftApp.swift */; };
		6B483CE1276D4DED00059C4F /* HomeView.swift in Sources */ = {isa = PBXBuildFile; fileRef = 6B483CE0276D4DED00059C4F /* HomeView.swift */; };
		6B483CE3276D4DEE00059C4F /* Assets.xcassets in Resources */ = {isa = PBXBuildFile; fileRef = 6B483CE2276D4DEE00059C4F /* Assets.xcassets */; };
		6B483CE6276D4DEE00059C4F /* Preview Assets.xcassets in Resources */ = {isa = PBXBuildFile; fileRef = 6B483CE5276D4DEE00059C4F /* Preview Assets.xcassets */; };
		6B483CF4276D4FD400059C4F /* ContentModel.swift in Sources */ = {isa = PBXBuildFile; fileRef = 6B483CF3276D4FD400059C4F /* ContentModel.swift */; };
		6B560E3D2770FF4900AABEB6 /* ContentView.swift in Sources */ = {isa = PBXBuildFile; fileRef = 6B560E3C2770FF4900AABEB6 /* ContentView.swift */; };
		6B560E3F27710F5A00AABEB6 /* ContentViewRow.swift in Sources */ = {isa = PBXBuildFile; fileRef = 6B560E3E27710F5A00AABEB6 /* ContentViewRow.swift */; };
		6B560E412771120900AABEB6 /* ContentDetailView.swift in Sources */ = {isa = PBXBuildFile; fileRef = 6B560E402771120900AABEB6 /* ContentDetailView.swift */; };
		6B560E442771174800AABEB6 /* AVKit.framework in Frameworks */ = {isa = PBXBuildFile; fileRef = 6B560E432771174800AABEB6 /* AVKit.framework */; };
		6B560E46277118BA00AABEB6 /* Constants.swift in Sources */ = {isa = PBXBuildFile; fileRef = 6B560E45277118BA00AABEB6 /* Constants.swift */; };
		6B560E48277132E200AABEB6 /* CodeTextView.swift in Sources */ = {isa = PBXBuildFile; fileRef = 6B560E47277132E200AABEB6 /* CodeTextView.swift */; };
		6BA4811F276F5AF9008C968C /* data.json in Resources */ = {isa = PBXBuildFile; fileRef = 6BA4811E276F5AF9008C968C /* data.json */; };
		6BA48121276F5B02008C968C /* style.html in Resources */ = {isa = PBXBuildFile; fileRef = 6BA48120276F5B02008C968C /* style.html */; };
		6BA48123276F5D91008C968C /* Models.swift in Sources */ = {isa = PBXBuildFile; fileRef = 6BA48122276F5D91008C968C /* Models.swift */; };
		6BA48125276F7A56008C968C /* HomeViewRow.swift in Sources */ = {isa = PBXBuildFile; fileRef = 6BA48124276F7A56008C968C /* HomeViewRow.swift */; };
/* End PBXBuildFile section */

/* Begin PBXFileReference section */
		6B27667F2772717900DC4C5B /* RectangleCard.swift */ = {isa = PBXFileReference; lastKnownFileType = sourcecode.swift; path = RectangleCard.swift; sourceTree = "<group>"; };
		6B2766812772783C00DC4C5B /* TestView.swift */ = {isa = PBXFileReference; lastKnownFileType = sourcecode.swift; path = TestView.swift; sourceTree = "<group>"; };
		6B483CDB276D4DED00059C4F /* LearnSwift.app */ = {isa = PBXFileReference; explicitFileType = wrapper.application; includeInIndex = 0; path = LearnSwift.app; sourceTree = BUILT_PRODUCTS_DIR; };
		6B483CDE276D4DED00059C4F /* LearnSwiftApp.swift */ = {isa = PBXFileReference; lastKnownFileType = sourcecode.swift; path = LearnSwiftApp.swift; sourceTree = "<group>"; };
		6B483CE0276D4DED00059C4F /* HomeView.swift */ = {isa = PBXFileReference; lastKnownFileType = sourcecode.swift; path = HomeView.swift; sourceTree = "<group>"; };
		6B483CE2276D4DEE00059C4F /* Assets.xcassets */ = {isa = PBXFileReference; lastKnownFileType = folder.assetcatalog; path = Assets.xcassets; sourceTree = "<group>"; };
		6B483CE5276D4DEE00059C4F /* Preview Assets.xcassets */ = {isa = PBXFileReference; lastKnownFileType = folder.assetcatalog; path = "Preview Assets.xcassets"; sourceTree = "<group>"; };
		6B483CF3276D4FD400059C4F /* ContentModel.swift */ = {isa = PBXFileReference; lastKnownFileType = sourcecode.swift; path = ContentModel.swift; sourceTree = "<group>"; };
		6B560E3C2770FF4900AABEB6 /* ContentView.swift */ = {isa = PBXFileReference; lastKnownFileType = sourcecode.swift; path = ContentView.swift; sourceTree = "<group>"; };
		6B560E3E27710F5A00AABEB6 /* ContentViewRow.swift */ = {isa = PBXFileReference; lastKnownFileType = sourcecode.swift; path = ContentViewRow.swift; sourceTree = "<group>"; };
		6B560E402771120900AABEB6 /* ContentDetailView.swift */ = {isa = PBXFileReference; lastKnownFileType = sourcecode.swift; path = ContentDetailView.swift; sourceTree = "<group>"; };
		6B560E432771174800AABEB6 /* AVKit.framework */ = {isa = PBXFileReference; lastKnownFileType = wrapper.framework; name = AVKit.framework; path = System/Library/Frameworks/AVKit.framework; sourceTree = SDKROOT; };
		6B560E45277118BA00AABEB6 /* Constants.swift */ = {isa = PBXFileReference; lastKnownFileType = sourcecode.swift; path = Constants.swift; sourceTree = "<group>"; };
		6B560E47277132E200AABEB6 /* CodeTextView.swift */ = {isa = PBXFileReference; lastKnownFileType = sourcecode.swift; path = CodeTextView.swift; sourceTree = "<group>"; };
		6BA4811E276F5AF9008C968C /* data.json */ = {isa = PBXFileReference; fileEncoding = 4; lastKnownFileType = text.json; path = data.json; sourceTree = "<group>"; };
		6BA48120276F5B02008C968C /* style.html */ = {isa = PBXFileReference; fileEncoding = 4; lastKnownFileType = text.html; path = style.html; sourceTree = "<group>"; };
		6BA48122276F5D91008C968C /* Models.swift */ = {isa = PBXFileReference; lastKnownFileType = sourcecode.swift; path = Models.swift; sourceTree = "<group>"; };
		6BA48124276F7A56008C968C /* HomeViewRow.swift */ = {isa = PBXFileReference; lastKnownFileType = sourcecode.swift; path = HomeViewRow.swift; sourceTree = "<group>"; };
/* End PBXFileReference section */

/* Begin PBXFrameworksBuildPhase section */
		6B483CD8276D4DED00059C4F /* Frameworks */ = {
			isa = PBXFrameworksBuildPhase;
			buildActionMask = 2147483647;
			files = (
				6B560E442771174800AABEB6 /* AVKit.framework in Frameworks */,
			);
			runOnlyForDeploymentPostprocessing = 0;
		};
/* End PBXFrameworksBuildPhase section */

/* Begin PBXGroup section */
		6B483CD2276D4DED00059C4F = {
			isa = PBXGroup;
			children = (
				6B483CDD276D4DED00059C4F /* LearnSwift */,
				6B483CDC276D4DED00059C4F /* Products */,
				6B560E422771174800AABEB6 /* Frameworks */,
			);
			sourceTree = "<group>";
		};
		6B483CDC276D4DED00059C4F /* Products */ = {
			isa = PBXGroup;
			children = (
				6B483CDB276D4DED00059C4F /* LearnSwift.app */,
			);
			name = Products;
			sourceTree = "<group>";
		};
		6B483CDD276D4DED00059C4F /* LearnSwift */ = {
			isa = PBXGroup;
			children = (
				6B483CDE276D4DED00059C4F /* LearnSwiftApp.swift */,
				6B483CEC276D4EEF00059C4F /* Views */,
				6B483CED276D4EF800059C4F /* ViewModels */,
				6B483CEE276D4F0800059C4F /* Models */,
				6B483CEF276D4F1200059C4F /* Resources */,
				6B483CF0276D4F2F00059C4F /* Helpers */,
				6B483CE2276D4DEE00059C4F /* Assets.xcassets */,
				6B483CE4276D4DEE00059C4F /* Preview Content */,
			);
			path = LearnSwift;
			sourceTree = "<group>";
		};
		6B483CE4276D4DEE00059C4F /* Preview Content */ = {
			isa = PBXGroup;
			children = (
				6B483CE5276D4DEE00059C4F /* Preview Assets.xcassets */,
			);
			path = "Preview Content";
			sourceTree = "<group>";
		};
		6B483CEC276D4EEF00059C4F /* Views */ = {
			isa = PBXGroup;
			children = (
				6B483CE0276D4DED00059C4F /* HomeView.swift */,
				6BA48124276F7A56008C968C /* HomeViewRow.swift */,
				6B560E3C2770FF4900AABEB6 /* ContentView.swift */,
				6B560E3E27710F5A00AABEB6 /* ContentViewRow.swift */,
				6B560E402771120900AABEB6 /* ContentDetailView.swift */,
				6B560E47277132E200AABEB6 /* CodeTextView.swift */,
				6B27667F2772717900DC4C5B /* RectangleCard.swift */,
				6B2766812772783C00DC4C5B /* TestView.swift */,
			);
			path = Views;
			sourceTree = "<group>";
		};
		6B483CED276D4EF800059C4F /* ViewModels */ = {
			isa = PBXGroup;
			children = (
				6B483CF3276D4FD400059C4F /* ContentModel.swift */,
			);
			path = ViewModels;
			sourceTree = "<group>";
		};
		6B483CEE276D4F0800059C4F /* Models */ = {
			isa = PBXGroup;
			children = (
				6BA48122276F5D91008C968C /* Models.swift */,
			);
			path = Models;
			sourceTree = "<group>";
		};
		6B483CEF276D4F1200059C4F /* Resources */ = {
			isa = PBXGroup;
			children = (
				6BA4811E276F5AF9008C968C /* data.json */,
				6BA48120276F5B02008C968C /* style.html */,
				6B560E45277118BA00AABEB6 /* Constants.swift */,
			);
			path = Resources;
			sourceTree = "<group>";
		};
		6B483CF0276D4F2F00059C4F /* Helpers */ = {
			isa = PBXGroup;
			children = (
			);
			path = Helpers;
			sourceTree = "<group>";
		};
		6B560E422771174800AABEB6 /* Frameworks */ = {
			isa = PBXGroup;
			children = (
				6B560E432771174800AABEB6 /* AVKit.framework */,
			);
			name = Frameworks;
			sourceTree = "<group>";
		};
/* End PBXGroup section */

/* Begin PBXNativeTarget section */
		6B483CDA276D4DED00059C4F /* LearnSwift */ = {
			isa = PBXNativeTarget;
			buildConfigurationList = 6B483CE9276D4DEE00059C4F /* Build configuration list for PBXNativeTarget "LearnSwift" */;
			buildPhases = (
				6B483CD7276D4DED00059C4F /* Sources */,
				6B483CD8276D4DED00059C4F /* Frameworks */,
				6B483CD9276D4DED00059C4F /* Resources */,
			);
			buildRules = (
			);
			dependencies = (
			);
			name = LearnSwift;
			productName = LearnSwift;
			productReference = 6B483CDB276D4DED00059C4F /* LearnSwift.app */;
			productType = "com.apple.product-type.application";
		};
/* End PBXNativeTarget section */

/* Begin PBXProject section */
		6B483CD3276D4DED00059C4F /* Project object */ = {
			isa = PBXProject;
			attributes = {
				BuildIndependentTargetsInParallel = 1;
				LastSwiftUpdateCheck = 1320;
				LastUpgradeCheck = 1320;
				TargetAttributes = {
					6B483CDA276D4DED00059C4F = {
						CreatedOnToolsVersion = 13.2;
					};
				};
			};
			buildConfigurationList = 6B483CD6276D4DED00059C4F /* Build configuration list for PBXProject "LearnSwift" */;
			compatibilityVersion = "Xcode 13.0";
			developmentRegion = en;
			hasScannedForEncodings = 0;
			knownRegions = (
				en,
				Base,
			);
			mainGroup = 6B483CD2276D4DED00059C4F;
			productRefGroup = 6B483CDC276D4DED00059C4F /* Products */;
			projectDirPath = "";
			projectRoot = "";
			targets = (
				6B483CDA276D4DED00059C4F /* LearnSwift */,
			);
		};
/* End PBXProject section */

/* Begin PBXResourcesBuildPhase section */
		6B483CD9276D4DED00059C4F /* Resources */ = {
			isa = PBXResourcesBuildPhase;
			buildActionMask = 2147483647;
			files = (
				6B483CE6276D4DEE00059C4F /* Preview Assets.xcassets in Resources */,
				6BA4811F276F5AF9008C968C /* data.json in Resources */,
				6BA48121276F5B02008C968C /* style.html in Resources */,
				6B483CE3276D4DEE00059C4F /* Assets.xcassets in Resources */,
			);
			runOnlyForDeploymentPostprocessing = 0;
		};
/* End PBXResourcesBuildPhase section */

/* Begin PBXSourcesBuildPhase section */
		6B483CD7276D4DED00059C4F /* Sources */ = {
			isa = PBXSourcesBuildPhase;
			buildActionMask = 2147483647;
			files = (
				6B2766822772783C00DC4C5B /* TestView.swift in Sources */,
				6B483CE1276D4DED00059C4F /* HomeView.swift in Sources */,
				6BA48125276F7A56008C968C /* HomeViewRow.swift in Sources */,
				6B560E3D2770FF4900AABEB6 /* ContentView.swift in Sources */,
				6B560E412771120900AABEB6 /* ContentDetailView.swift in Sources */,
				6B483CDF276D4DED00059C4F /* LearnSwiftApp.swift in Sources */,
				6B560E3F27710F5A00AABEB6 /* ContentViewRow.swift in Sources */,
				6B560E48277132E200AABEB6 /* CodeTextView.swift in Sources */,
				6B483CF4276D4FD400059C4F /* ContentModel.swift in Sources */,
				6BA48123276F5D91008C968C /* Models.swift in Sources */,
				6B2766802772717900DC4C5B /* RectangleCard.swift in Sources */,
				6B560E46277118BA00AABEB6 /* Constants.swift in Sources */,
			);
			runOnlyForDeploymentPostprocessing = 0;
		};
/* End PBXSourcesBuildPhase section */

/* Begin XCBuildConfiguration section */
		6B483CE7276D4DEE00059C4F /* Debug */ = {
			isa = XCBuildConfiguration;
			buildSettings = {
				ALWAYS_SEARCH_USER_PATHS = NO;
				CLANG_ANALYZER_NONNULL = YES;
				CLANG_ANALYZER_NUMBER_OBJECT_CONVERSION = YES_AGGRESSIVE;
				CLANG_CXX_LANGUAGE_STANDARD = "gnu++17";
				CLANG_CXX_LIBRARY = "libc++";
				CLANG_ENABLE_MODULES = YES;
				CLANG_ENABLE_OBJC_ARC = YES;
				CLANG_ENABLE_OBJC_WEAK = YES;
				CLANG_WARN_BLOCK_CAPTURE_AUTORELEASING = YES;
				CLANG_WARN_BOOL_CONVERSION = YES;
				CLANG_WARN_COMMA = YES;
				CLANG_WARN_CONSTANT_CONVERSION = YES;
				CLANG_WARN_DEPRECATED_OBJC_IMPLEMENTATIONS = YES;
				CLANG_WARN_DIRECT_OBJC_ISA_USAGE = YES_ERROR;
				CLANG_WARN_DOCUMENTATION_COMMENTS = YES;
				CLANG_WARN_EMPTY_BODY = YES;
				CLANG_WARN_ENUM_CONVERSION = YES;
				CLANG_WARN_INFINITE_RECURSION = YES;
				CLANG_WARN_INT_CONVERSION = YES;
				CLANG_WARN_NON_LITERAL_NULL_CONVERSION = YES;
				CLANG_WARN_OBJC_IMPLICIT_RETAIN_SELF = YES;
				CLANG_WARN_OBJC_LITERAL_CONVERSION = YES;
				CLANG_WARN_OBJC_ROOT_CLASS = YES_ERROR;
				CLANG_WARN_QUOTED_INCLUDE_IN_FRAMEWORK_HEADER = YES;
				CLANG_WARN_RANGE_LOOP_ANALYSIS = YES;
				CLANG_WARN_STRICT_PROTOTYPES = YES;
				CLANG_WARN_SUSPICIOUS_MOVE = YES;
				CLANG_WARN_UNGUARDED_AVAILABILITY = YES_AGGRESSIVE;
				CLANG_WARN_UNREACHABLE_CODE = YES;
				CLANG_WARN__DUPLICATE_METHOD_MATCH = YES;
				COPY_PHASE_STRIP = NO;
				DEBUG_INFORMATION_FORMAT = dwarf;
				ENABLE_STRICT_OBJC_MSGSEND = YES;
				ENABLE_TESTABILITY = YES;
				GCC_C_LANGUAGE_STANDARD = gnu11;
				GCC_DYNAMIC_NO_PIC = NO;
				GCC_NO_COMMON_BLOCKS = YES;
				GCC_OPTIMIZATION_LEVEL = 0;
				GCC_PREPROCESSOR_DEFINITIONS = (
					"DEBUG=1",
					"$(inherited)",
				);
				GCC_WARN_64_TO_32_BIT_CONVERSION = YES;
				GCC_WARN_ABOUT_RETURN_TYPE = YES_ERROR;
				GCC_WARN_UNDECLARED_SELECTOR = YES;
				GCC_WARN_UNINITIALIZED_AUTOS = YES_AGGRESSIVE;
				GCC_WARN_UNUSED_FUNCTION = YES;
				GCC_WARN_UNUSED_VARIABLE = YES;
				IPHONEOS_DEPLOYMENT_TARGET = 15.2;
				MTL_ENABLE_DEBUG_INFO = INCLUDE_SOURCE;
				MTL_FAST_MATH = YES;
				ONLY_ACTIVE_ARCH = YES;
				SDKROOT = iphoneos;
				SWIFT_ACTIVE_COMPILATION_CONDITIONS = DEBUG;
				SWIFT_OPTIMIZATION_LEVEL = "-Onone";
			};
			name = Debug;
		};
		6B483CE8276D4DEE00059C4F /* Release */ = {
			isa = XCBuildConfiguration;
			buildSettings = {
				ALWAYS_SEARCH_USER_PATHS = NO;
				CLANG_ANALYZER_NONNULL = YES;
				CLANG_ANALYZER_NUMBER_OBJECT_CONVERSION = YES_AGGRESSIVE;
				CLANG_CXX_LANGUAGE_STANDARD = "gnu++17";
				CLANG_CXX_LIBRARY = "libc++";
				CLANG_ENABLE_MODULES = YES;
				CLANG_ENABLE_OBJC_ARC = YES;
				CLANG_ENABLE_OBJC_WEAK = YES;
				CLANG_WARN_BLOCK_CAPTURE_AUTORELEASING = YES;
				CLANG_WARN_BOOL_CONVERSION = YES;
				CLANG_WARN_COMMA = YES;
				CLANG_WARN_CONSTANT_CONVERSION = YES;
				CLANG_WARN_DEPRECATED_OBJC_IMPLEMENTATIONS = YES;
				CLANG_WARN_DIRECT_OBJC_ISA_USAGE = YES_ERROR;
				CLANG_WARN_DOCUMENTATION_COMMENTS = YES;
				CLANG_WARN_EMPTY_BODY = YES;
				CLANG_WARN_ENUM_CONVERSION = YES;
				CLANG_WARN_INFINITE_RECURSION = YES;
				CLANG_WARN_INT_CONVERSION = YES;
				CLANG_WARN_NON_LITERAL_NULL_CONVERSION = YES;
				CLANG_WARN_OBJC_IMPLICIT_RETAIN_SELF = YES;
				CLANG_WARN_OBJC_LITERAL_CONVERSION = YES;
				CLANG_WARN_OBJC_ROOT_CLASS = YES_ERROR;
				CLANG_WARN_QUOTED_INCLUDE_IN_FRAMEWORK_HEADER = YES;
				CLANG_WARN_RANGE_LOOP_ANALYSIS = YES;
				CLANG_WARN_STRICT_PROTOTYPES = YES;
				CLANG_WARN_SUSPICIOUS_MOVE = YES;
				CLANG_WARN_UNGUARDED_AVAILABILITY = YES_AGGRESSIVE;
				CLANG_WARN_UNREACHABLE_CODE = YES;
				CLANG_WARN__DUPLICATE_METHOD_MATCH = YES;
				COPY_PHASE_STRIP = NO;
				DEBUG_INFORMATION_FORMAT = "dwarf-with-dsym";
				ENABLE_NS_ASSERTIONS = NO;
				ENABLE_STRICT_OBJC_MSGSEND = YES;
				GCC_C_LANGUAGE_STANDARD = gnu11;
				GCC_NO_COMMON_BLOCKS = YES;
				GCC_WARN_64_TO_32_BIT_CONVERSION = YES;
				GCC_WARN_ABOUT_RETURN_TYPE = YES_ERROR;
				GCC_WARN_UNDECLARED_SELECTOR = YES;
				GCC_WARN_UNINITIALIZED_AUTOS = YES_AGGRESSIVE;
				GCC_WARN_UNUSED_FUNCTION = YES;
				GCC_WARN_UNUSED_VARIABLE = YES;
				IPHONEOS_DEPLOYMENT_TARGET = 15.2;
				MTL_ENABLE_DEBUG_INFO = NO;
				MTL_FAST_MATH = YES;
				SDKROOT = iphoneos;
				SWIFT_COMPILATION_MODE = wholemodule;
				SWIFT_OPTIMIZATION_LEVEL = "-O";
				VALIDATE_PRODUCT = YES;
			};
			name = Release;
		};
		6B483CEA276D4DEE00059C4F /* Debug */ = {
			isa = XCBuildConfiguration;
			buildSettings = {
				ASSETCATALOG_COMPILER_APPICON_NAME = AppIcon;
				ASSETCATALOG_COMPILER_GLOBAL_ACCENT_COLOR_NAME = AccentColor;
				CODE_SIGN_STYLE = Automatic;
				CURRENT_PROJECT_VERSION = 1;
				DEVELOPMENT_ASSET_PATHS = "\"LearnSwift/Preview Content\"";
				DEVELOPMENT_TEAM = UXC7U9N9AB;
				ENABLE_PREVIEWS = YES;
				GENERATE_INFOPLIST_FILE = YES;
				INFOPLIST_KEY_UIApplicationSceneManifest_Generation = YES;
				INFOPLIST_KEY_UIApplicationSupportsIndirectInputEvents = YES;
				INFOPLIST_KEY_UILaunchScreen_Generation = YES;
				INFOPLIST_KEY_UISupportedInterfaceOrientations_iPad = "UIInterfaceOrientationPortrait UIInterfaceOrientationPortraitUpsideDown UIInterfaceOrientationLandscapeLeft UIInterfaceOrientationLandscapeRight";
				INFOPLIST_KEY_UISupportedInterfaceOrientations_iPhone = "UIInterfaceOrientationPortrait UIInterfaceOrientationLandscapeLeft UIInterfaceOrientationLandscapeRight";
				LD_RUNPATH_SEARCH_PATHS = (
					"$(inherited)",
					"@executable_path/Frameworks",
				);
				MARKETING_VERSION = 1.0;
				PRODUCT_BUNDLE_IDENTIFIER = se.sajakkrystyna.LearnSwift;
				PRODUCT_NAME = "$(TARGET_NAME)";
				SWIFT_EMIT_LOC_STRINGS = YES;
				SWIFT_VERSION = 5.0;
				TARGETED_DEVICE_FAMILY = "1,2";
			};
			name = Debug;
		};
		6B483CEB276D4DEE00059C4F /* Release */ = {
			isa = XCBuildConfiguration;
			buildSettings = {
				ASSETCATALOG_COMPILER_APPICON_NAME = AppIcon;
				ASSETCATALOG_COMPILER_GLOBAL_ACCENT_COLOR_NAME = AccentColor;
				CODE_SIGN_STYLE = Automatic;
				CURRENT_PROJECT_VERSION = 1;
				DEVELOPMENT_ASSET_PATHS = "\"LearnSwift/Preview Content\"";
				DEVELOPMENT_TEAM = UXC7U9N9AB;
				ENABLE_PREVIEWS = YES;
				GENERATE_INFOPLIST_FILE = YES;
				INFOPLIST_KEY_UIApplicationSceneManifest_Generation = YES;
				INFOPLIST_KEY_UIApplicationSupportsIndirectInputEvents = YES;
				INFOPLIST_KEY_UILaunchScreen_Generation = YES;
				INFOPLIST_KEY_UISupportedInterfaceOrientations_iPad = "UIInterfaceOrientationPortrait UIInterfaceOrientationPortraitUpsideDown UIInterfaceOrientationLandscapeLeft UIInterfaceOrientationLandscapeRight";
				INFOPLIST_KEY_UISupportedInterfaceOrientations_iPhone = "UIInterfaceOrientationPortrait UIInterfaceOrientationLandscapeLeft UIInterfaceOrientationLandscapeRight";
				LD_RUNPATH_SEARCH_PATHS = (
					"$(inherited)",
					"@executable_path/Frameworks",
				);
				MARKETING_VERSION = 1.0;
				PRODUCT_BUNDLE_IDENTIFIER = se.sajakkrystyna.LearnSwift;
				PRODUCT_NAME = "$(TARGET_NAME)";
				SWIFT_EMIT_LOC_STRINGS = YES;
				SWIFT_VERSION = 5.0;
				TARGETED_DEVICE_FAMILY = "1,2";
			};
			name = Release;
		};
/* End XCBuildConfiguration section */

/* Begin XCConfigurationList section */
		6B483CD6276D4DED00059C4F /* Build configuration list for PBXProject "LearnSwift" */ = {
			isa = XCConfigurationList;
			buildConfigurations = (
				6B483CE7276D4DEE00059C4F /* Debug */,
				6B483CE8276D4DEE00059C4F /* Release */,
			);
			defaultConfigurationIsVisible = 0;
			defaultConfigurationName = Release;
		};
		6B483CE9276D4DEE00059C4F /* Build configuration list for PBXNativeTarget "LearnSwift" */ = {
			isa = XCConfigurationList;
			buildConfigurations = (
				6B483CEA276D4DEE00059C4F /* Debug */,
				6B483CEB276D4DEE00059C4F /* Release */,
			);
			defaultConfigurationIsVisible = 0;
			defaultConfigurationName = Release;
		};
/* End XCConfigurationList section */
	};
	rootObject = 6B483CD3276D4DED00059C4F /* Project object */;
}
